// !$*UTF8*$!
{
	archiveVersion = 1;
	classes = {
	};
	objectVersion = 50;
	objects = {

/* Begin PBXBuildFile section */
		0EF357AE23BAE2C000A441C7 /* AppDelegate.swift in Sources */ = {isa = PBXBuildFile; fileRef = 0EF357AD23BAE2C000A441C7 /* AppDelegate.swift */; };
		0EF357B023BAE2C000A441C7 /* SceneDelegate.swift in Sources */ = {isa = PBXBuildFile; fileRef = 0EF357AF23BAE2C000A441C7 /* SceneDelegate.swift */; };
		0EF357B223BAE2C000A441C7 /* ViewController.swift in Sources */ = {isa = PBXBuildFile; fileRef = 0EF357B123BAE2C000A441C7 /* ViewController.swift */; };
		0EF357B723BAE2C200A441C7 /* Assets.xcassets in Resources */ = {isa = PBXBuildFile; fileRef = 0EF357B623BAE2C200A441C7 /* Assets.xcassets */; };
		0EF357BA23BAE2C200A441C7 /* LaunchScreen.storyboard in Resources */ = {isa = PBXBuildFile; fileRef = 0EF357B823BAE2C200A441C7 /* LaunchScreen.storyboard */; };
		0EF357C223BAE32800A441C7 /* BottomDrawerViewController.swift in Sources */ = {isa = PBXBuildFile; fileRef = 0EF357C123BAE32800A441C7 /* BottomDrawerViewController.swift */; };
		0EF357E823BBB6CC00A441C7 /* StockListCell.swift in Sources */ = {isa = PBXBuildFile; fileRef = 0EF357E723BBB6CC00A441C7 /* StockListCell.swift */; };
		0EF357EA23BBB8E000A441C7 /* UIViewExtension.swift in Sources */ = {isa = PBXBuildFile; fileRef = 0EF357E923BBB8E000A441C7 /* UIViewExtension.swift */; };
		0EF357ED23BBF71D00A441C7 /* StockService.swift in Sources */ = {isa = PBXBuildFile; fileRef = 0EF357EC23BBF71D00A441C7 /* StockService.swift */; };
		0EF3583423BD2F1E00A441C7 /* Stock.swift in Sources */ = {isa = PBXBuildFile; fileRef = 0EF3583323BD2F1E00A441C7 /* Stock.swift */; };
/* End PBXBuildFile section */

/* Begin PBXFileReference section */
		0EF357AA23BAE2C000A441C7 /* StocksApp.app */ = {isa = PBXFileReference; explicitFileType = wrapper.application; includeInIndex = 0; path = StocksApp.app; sourceTree = BUILT_PRODUCTS_DIR; };
		0EF357AD23BAE2C000A441C7 /* AppDelegate.swift */ = {isa = PBXFileReference; lastKnownFileType = sourcecode.swift; path = AppDelegate.swift; sourceTree = "<group>"; };
		0EF357AF23BAE2C000A441C7 /* SceneDelegate.swift */ = {isa = PBXFileReference; lastKnownFileType = sourcecode.swift; path = SceneDelegate.swift; sourceTree = "<group>"; };
		0EF357B123BAE2C000A441C7 /* ViewController.swift */ = {isa = PBXFileReference; lastKnownFileType = sourcecode.swift; path = ViewController.swift; sourceTree = "<group>"; };
		0EF357B623BAE2C200A441C7 /* Assets.xcassets */ = {isa = PBXFileReference; lastKnownFileType = folder.assetcatalog; path = Assets.xcassets; sourceTree = "<group>"; };
		0EF357B923BAE2C200A441C7 /* Base */ = {isa = PBXFileReference; lastKnownFileType = file.storyboard; name = Base; path = Base.lproj/LaunchScreen.storyboard; sourceTree = "<group>"; };
		0EF357BB23BAE2C200A441C7 /* Info.plist */ = {isa = PBXFileReference; lastKnownFileType = text.plist.xml; path = Info.plist; sourceTree = "<group>"; };
		0EF357C123BAE32800A441C7 /* BottomDrawerViewController.swift */ = {isa = PBXFileReference; lastKnownFileType = sourcecode.swift; path = BottomDrawerViewController.swift; sourceTree = "<group>"; };
		0EF357E723BBB6CC00A441C7 /* StockListCell.swift */ = {isa = PBXFileReference; lastKnownFileType = sourcecode.swift; path = StockListCell.swift; sourceTree = "<group>"; };
		0EF357E923BBB8E000A441C7 /* UIViewExtension.swift */ = {isa = PBXFileReference; lastKnownFileType = sourcecode.swift; path = UIViewExtension.swift; sourceTree = "<group>"; };
		0EF357EC23BBF71D00A441C7 /* StockService.swift */ = {isa = PBXFileReference; lastKnownFileType = sourcecode.swift; path = StockService.swift; sourceTree = "<group>"; };
		0EF3583323BD2F1E00A441C7 /* Stock.swift */ = {isa = PBXFileReference; lastKnownFileType = sourcecode.swift; path = Stock.swift; sourceTree = "<group>"; };
/* End PBXFileReference section */

/* Begin PBXFrameworksBuildPhase section */
		0EF357A723BAE2C000A441C7 /* Frameworks */ = {
			isa = PBXFrameworksBuildPhase;
			buildActionMask = 2147483647;
			files = (
			);
			runOnlyForDeploymentPostprocessing = 0;
		};
/* End PBXFrameworksBuildPhase section */

/* Begin PBXGroup section */
		0EF357A123BAE2C000A441C7 = {
			isa = PBXGroup;
			children = (
				0EF357AC23BAE2C000A441C7 /* StocksApp */,
				0EF357AB23BAE2C000A441C7 /* Products */,
			);
			sourceTree = "<group>";
		};
		0EF357AB23BAE2C000A441C7 /* Products */ = {
			isa = PBXGroup;
			children = (
				0EF357AA23BAE2C000A441C7 /* StocksApp.app */,
			);
			name = Products;
			sourceTree = "<group>";
		};
		0EF357AC23BAE2C000A441C7 /* StocksApp */ = {
			isa = PBXGroup;
			children = (
				0EF3583223BD2F0000A441C7 /* Models */,
				0EF357EB23BBF6EC00A441C7 /* Services */,
				0EF357AD23BAE2C000A441C7 /* AppDelegate.swift */,
				0EF357AF23BAE2C000A441C7 /* SceneDelegate.swift */,
				0EF357B123BAE2C000A441C7 /* ViewController.swift */,
				0EF357B623BAE2C200A441C7 /* Assets.xcassets */,
				0EF357B823BAE2C200A441C7 /* LaunchScreen.storyboard */,
				0EF357BB23BAE2C200A441C7 /* Info.plist */,
				0EF357C123BAE32800A441C7 /* BottomDrawerViewController.swift */,
				0EF357E723BBB6CC00A441C7 /* StockListCell.swift */,
				0EF357E923BBB8E000A441C7 /* UIViewExtension.swift */,
			);
			path = StocksApp;
			sourceTree = "<group>";
		};
		0EF357EB23BBF6EC00A441C7 /* Services */ = {
			isa = PBXGroup;
			children = (
				0EF357EC23BBF71D00A441C7 /* StockService.swift */,
			);
			path = Services;
			sourceTree = "<group>";
		};
		0EF3583223BD2F0000A441C7 /* Models */ = {
			isa = PBXGroup;
			children = (
				0EF3583323BD2F1E00A441C7 /* Stock.swift */,
			);
			path = Models;
			sourceTree = "<group>";
		};
/* End PBXGroup section */

/* Begin PBXNativeTarget section */
		0EF357A923BAE2C000A441C7 /* StocksApp */ = {
			isa = PBXNativeTarget;
			buildConfigurationList = 0EF357BE23BAE2C200A441C7 /* Build configuration list for PBXNativeTarget "StocksApp" */;
			buildPhases = (
				0EF357A623BAE2C000A441C7 /* Sources */,
				0EF357A723BAE2C000A441C7 /* Frameworks */,
				0EF357A823BAE2C000A441C7 /* Resources */,
			);
			buildRules = (
			);
			dependencies = (
			);
			name = StocksApp;
			productName = StocksApp;
			productReference = 0EF357AA23BAE2C000A441C7 /* StocksApp.app */;
			productType = "com.apple.product-type.application";
		};
/* End PBXNativeTarget section */

/* Begin PBXProject section */
		0EF357A223BAE2C000A441C7 /* Project object */ = {
			isa = PBXProject;
			attributes = {
				LastSwiftUpdateCheck = 1130;
				LastUpgradeCheck = 1130;
				ORGANIZATIONNAME = "ian schoenrock";
				TargetAttributes = {
					0EF357A923BAE2C000A441C7 = {
						CreatedOnToolsVersion = 11.3;
					};
				};
			};
			buildConfigurationList = 0EF357A523BAE2C000A441C7 /* Build configuration list for PBXProject "StocksApp" */;
			compatibilityVersion = "Xcode 9.3";
			developmentRegion = en;
			hasScannedForEncodings = 0;
			knownRegions = (
				en,
				Base,
			);
			mainGroup = 0EF357A123BAE2C000A441C7;
			productRefGroup = 0EF357AB23BAE2C000A441C7 /* Products */;
			projectDirPath = "";
			projectRoot = "";
			targets = (
				0EF357A923BAE2C000A441C7 /* StocksApp */,
			);
		};
/* End PBXProject section */

/* Begin PBXResourcesBuildPhase section */
		0EF357A823BAE2C000A441C7 /* Resources */ = {
			isa = PBXResourcesBuildPhase;
			buildActionMask = 2147483647;
			files = (
				0EF357BA23BAE2C200A441C7 /* LaunchScreen.storyboard in Resources */,
				0EF357B723BAE2C200A441C7 /* Assets.xcassets in Resources */,
			);
			runOnlyForDeploymentPostprocessing = 0;
		};
/* End PBXResourcesBuildPhase section */

/* Begin PBXSourcesBuildPhase section */
		0EF357A623BAE2C000A441C7 /* Sources */ = {
			isa = PBXSourcesBuildPhase;
			buildActionMask = 2147483647;
			files = (
				0EF357EA23BBB8E000A441C7 /* UIViewExtension.swift in Sources */,
				0EF357C223BAE32800A441C7 /* BottomDrawerViewController.swift in Sources */,
				0EF3583423BD2F1E00A441C7 /* Stock.swift in Sources */,
				0EF357B223BAE2C000A441C7 /* ViewController.swift in Sources */,
				0EF357ED23BBF71D00A441C7 /* StockService.swift in Sources */,
				0EF357E823BBB6CC00A441C7 /* StockListCell.swift in Sources */,
				0EF357AE23BAE2C000A441C7 /* AppDelegate.swift in Sources */,
				0EF357B023BAE2C000A441C7 /* SceneDelegate.swift in Sources */,
			);
			runOnlyForDeploymentPostprocessing = 0;
		};
/* End PBXSourcesBuildPhase section */

/* Begin PBXVariantGroup section */
		0EF357B823BAE2C200A441C7 /* LaunchScreen.storyboard */ = {
			isa = PBXVariantGroup;
			children = (
				0EF357B923BAE2C200A441C7 /* Base */,
			);
			name = LaunchScreen.storyboard;
			sourceTree = "<group>";
		};
/* End PBXVariantGroup section */

/* Begin XCBuildConfiguration section */
		0EF357BC23BAE2C200A441C7 /* Debug */ = {
			isa = XCBuildConfiguration;
			buildSettings = {
				ALWAYS_SEARCH_USER_PATHS = NO;
				CLANG_ANALYZER_NONNULL = YES;
				CLANG_ANALYZER_NUMBER_OBJECT_CONVERSION = YES_AGGRESSIVE;
				CLANG_CXX_LANGUAGE_STANDARD = "gnu++14";
				CLANG_CXX_LIBRARY = "libc++";
				CLANG_ENABLE_MODULES = YES;
				CLANG_ENABLE_OBJC_ARC = YES;
				CLANG_ENABLE_OBJC_WEAK = YES;
				CLANG_WARN_BLOCK_CAPTURE_AUTORELEASING = YES;
				CLANG_WARN_BOOL_CONVERSION = YES;
				CLANG_WARN_COMMA = YES;
				CLANG_WARN_CONSTANT_CONVERSION = YES;
				CLANG_WARN_DEPRECATED_OBJC_IMPLEMENTATIONS = YES;
				CLANG_WARN_DIRECT_OBJC_ISA_USAGE = YES_ERROR;
				CLANG_WARN_DOCUMENTATION_COMMENTS = YES;
				CLANG_WARN_EMPTY_BODY = YES;
				CLANG_WARN_ENUM_CONVERSION = YES;
				CLANG_WARN_INFINITE_RECURSION = YES;
				CLANG_WARN_INT_CONVERSION = YES;
				CLANG_WARN_NON_LITERAL_NULL_CONVERSION = YES;
				CLANG_WARN_OBJC_IMPLICIT_RETAIN_SELF = YES;
				CLANG_WARN_OBJC_LITERAL_CONVERSION = YES;
				CLANG_WARN_OBJC_ROOT_CLASS = YES_ERROR;
				CLANG_WARN_RANGE_LOOP_ANALYSIS = YES;
				CLANG_WARN_STRICT_PROTOTYPES = YES;
				CLANG_WARN_SUSPICIOUS_MOVE = YES;
				CLANG_WARN_UNGUARDED_AVAILABILITY = YES_AGGRESSIVE;
				CLANG_WARN_UNREACHABLE_CODE = YES;
				CLANG_WARN__DUPLICATE_METHOD_MATCH = YES;
				COPY_PHASE_STRIP = NO;
				DEBUG_INFORMATION_FORMAT = dwarf;
				ENABLE_STRICT_OBJC_MSGSEND = YES;
				ENABLE_TESTABILITY = YES;
				GCC_C_LANGUAGE_STANDARD = gnu11;
				GCC_DYNAMIC_NO_PIC = NO;
				GCC_NO_COMMON_BLOCKS = YES;
				GCC_OPTIMIZATION_LEVEL = 0;
				GCC_PREPROCESSOR_DEFINITIONS = (
					"DEBUG=1",
					"$(inherited)",
				);
				GCC_WARN_64_TO_32_BIT_CONVERSION = YES;
				GCC_WARN_ABOUT_RETURN_TYPE = YES_ERROR;
				GCC_WARN_UNDECLARED_SELECTOR = YES;
				GCC_WARN_UNINITIALIZED_AUTOS = YES_AGGRESSIVE;
				GCC_WARN_UNUSED_FUNCTION = YES;
				GCC_WARN_UNUSED_VARIABLE = YES;
				IPHONEOS_DEPLOYMENT_TARGET = 13.2;
				MTL_ENABLE_DEBUG_INFO = INCLUDE_SOURCE;
				MTL_FAST_MATH = YES;
				ONLY_ACTIVE_ARCH = YES;
				SDKROOT = iphoneos;
				SWIFT_ACTIVE_COMPILATION_CONDITIONS = DEBUG;
				SWIFT_OPTIMIZATION_LEVEL = "-Onone";
			};
			name = Debug;
		};
		0EF357BD23BAE2C200A441C7 /* Release */ = {
			isa = XCBuildConfiguration;
			buildSettings = {
				ALWAYS_SEARCH_USER_PATHS = NO;
				CLANG_ANALYZER_NONNULL = YES;
				CLANG_ANALYZER_NUMBER_OBJECT_CONVERSION = YES_AGGRESSIVE;
				CLANG_CXX_LANGUAGE_STANDARD = "gnu++14";
				CLANG_CXX_LIBRARY = "libc++";
				CLANG_ENABLE_MODULES = YES;
				CLANG_ENABLE_OBJC_ARC = YES;
				CLANG_ENABLE_OBJC_WEAK = YES;
				CLANG_WARN_BLOCK_CAPTURE_AUTORELEASING = YES;
				CLANG_WARN_BOOL_CONVERSION = YES;
				CLANG_WARN_COMMA = YES;
				CLANG_WARN_CONSTANT_CONVERSION = YES;
				CLANG_WARN_DEPRECATED_OBJC_IMPLEMENTATIONS = YES;
				CLANG_WARN_DIRECT_OBJC_ISA_USAGE = YES_ERROR;
				CLANG_WARN_DOCUMENTATION_COMMENTS = YES;
				CLANG_WARN_EMPTY_BODY = YES;
				CLANG_WARN_ENUM_CONVERSION = YES;
				CLANG_WARN_INFINITE_RECURSION = YES;
				CLANG_WARN_INT_CONVERSION = YES;
				CLANG_WARN_NON_LITERAL_NULL_CONVERSION = YES;
				CLANG_WARN_OBJC_IMPLICIT_RETAIN_SELF = YES;
				CLANG_WARN_OBJC_LITERAL_CONVERSION = YES;
				CLANG_WARN_OBJC_ROOT_CLASS = YES_ERROR;
				CLANG_WARN_RANGE_LOOP_ANALYSIS = YES;
				CLANG_WARN_STRICT_PROTOTYPES = YES;
				CLANG_WARN_SUSPICIOUS_MOVE = YES;
				CLANG_WARN_UNGUARDED_AVAILABILITY = YES_AGGRESSIVE;
				CLANG_WARN_UNREACHABLE_CODE = YES;
				CLANG_WARN__DUPLICATE_METHOD_MATCH = YES;
				COPY_PHASE_STRIP = NO;
				DEBUG_INFORMATION_FORMAT = "dwarf-with-dsym";
				ENABLE_NS_ASSERTIONS = NO;
				ENABLE_STRICT_OBJC_MSGSEND = YES;
				GCC_C_LANGUAGE_STANDARD = gnu11;
				GCC_NO_COMMON_BLOCKS = YES;
				GCC_WARN_64_TO_32_BIT_CONVERSION = YES;
				GCC_WARN_ABOUT_RETURN_TYPE = YES_ERROR;
				GCC_WARN_UNDECLARED_SELECTOR = YES;
				GCC_WARN_UNINITIALIZED_AUTOS = YES_AGGRESSIVE;
				GCC_WARN_UNUSED_FUNCTION = YES;
				GCC_WARN_UNUSED_VARIABLE = YES;
				IPHONEOS_DEPLOYMENT_TARGET = 13.2;
				MTL_ENABLE_DEBUG_INFO = NO;
				MTL_FAST_MATH = YES;
				SDKROOT = iphoneos;
				SWIFT_COMPILATION_MODE = wholemodule;
				SWIFT_OPTIMIZATION_LEVEL = "-O";
				VALIDATE_PRODUCT = YES;
			};
			name = Release;
		};
		0EF357BF23BAE2C200A441C7 /* Debug */ = {
			isa = XCBuildConfiguration;
			buildSettings = {
				ASSETCATALOG_COMPILER_APPICON_NAME = AppIcon;
				CODE_SIGN_STYLE = Automatic;
				DEVELOPMENT_TEAM = 5F9J425H3Q;
				INFOPLIST_FILE = StocksApp/Info.plist;
				LD_RUNPATH_SEARCH_PATHS = (
					"$(inherited)",
					"@executable_path/Frameworks",
				);
				PRODUCT_BUNDLE_IDENTIFIER = ianschoenrock.StocksApp;
				PRODUCT_NAME = "$(TARGET_NAME)";
				SWIFT_VERSION = 5.0;
				TARGETED_DEVICE_FAMILY = "1,2";
			};
			name = Debug;
		};
		0EF357C023BAE2C200A441C7 /* Release */ = {
			isa = XCBuildConfiguration;
			buildSettings = {
				ASSETCATALOG_COMPILER_APPICON_NAME = AppIcon;
				CODE_SIGN_STYLE = Automatic;
				DEVELOPMENT_TEAM = 5F9J425H3Q;
				INFOPLIST_FILE = StocksApp/Info.plist;
				LD_RUNPATH_SEARCH_PATHS = (
					"$(inherited)",
					"@executable_path/Frameworks",
				);
				PRODUCT_BUNDLE_IDENTIFIER = ianschoenrock.StocksApp;
				PRODUCT_NAME = "$(TARGET_NAME)";
				SWIFT_VERSION = 5.0;
				TARGETED_DEVICE_FAMILY = "1,2";
			};
			name = Release;
		};
/* End XCBuildConfiguration section */

/* Begin XCConfigurationList section */
		0EF357A523BAE2C000A441C7 /* Build configuration list for PBXProject "StocksApp" */ = {
			isa = XCConfigurationList;
			buildConfigurations = (
				0EF357BC23BAE2C200A441C7 /* Debug */,
				0EF357BD23BAE2C200A441C7 /* Release */,
			);
			defaultConfigurationIsVisible = 0;
			defaultConfigurationName = Release;
		};
		0EF357BE23BAE2C200A441C7 /* Build configuration list for PBXNativeTarget "StocksApp" */ = {
			isa = XCConfigurationList;
			buildConfigurations = (
				0EF357BF23BAE2C200A441C7 /* Debug */,
				0EF357C023BAE2C200A441C7 /* Release */,
			);
			defaultConfigurationIsVisible = 0;
			defaultConfigurationName = Release;
		};
/* End XCConfigurationList section */
	};
	rootObject = 0EF357A223BAE2C000A441C7 /* Project object */;
}
